{
  "name": "apptest",
  "version": "1.0.0",
  "lockfileVersion": 3,
  "requires": true,
  "packages": {
    "": {
      "name": "apptest",
      "version": "1.0.0",
      "dependencies": {
        "fakedep": "file:../dep"
      }
    },
    "../dep": {
      "name": "fakedep",
      "version": "1.0.0",
      "engines": {
        "node": ">=99.0.0"
      }
    },
    "node_modules/fakedep": {
      "resolved": "../dep",
      "link": true
    }
  }
}
